// !$*UTF8*$!
{
	archiveVersion = 1;
	classes = {
	};
	objectVersion = 50;
	objects = {

/* Begin PBXBuildFile section */
		4D4B072E2349371000FD8806 /* ScrollTableViewCell.swift in Sources */ = {isa = PBXBuildFile; fileRef = 4D4B072D2349371000FD8806 /* ScrollTableViewCell.swift */; };
		4D4B072F234A629E00FD8806 /* PhotoInfo.swift in Sources */ = {isa = PBXBuildFile; fileRef = 4D6AFFA82347C64A00B5D472 /* PhotoInfo.swift */; };
		4D4B0730234A62A100FD8806 /* PersistanceHelper.swift in Sources */ = {isa = PBXBuildFile; fileRef = 4D6AFFA62347C53F00B5D472 /* PersistanceHelper.swift */; };
		4D4B0731234A62A300FD8806 /* PhotoInfoPersistance.swift in Sources */ = {isa = PBXBuildFile; fileRef = 4D6AFFAA2347C94A00B5D472 /* PhotoInfoPersistance.swift */; };
		4D4B0732234A62AC00FD8806 /* UserDefaults.swift in Sources */ = {isa = PBXBuildFile; fileRef = 4D5EF28D23491B83009FDA07 /* UserDefaults.swift */; };
		4D5EF28C23491315009FDA07 /* AddOrEdit.swift in Sources */ = {isa = PBXBuildFile; fileRef = 4D5EF28B23491315009FDA07 /* AddOrEdit.swift */; };
		4D5EF28E23491B83009FDA07 /* UserDefaults.swift in Sources */ = {isa = PBXBuildFile; fileRef = 4D5EF28D23491B83009FDA07 /* UserDefaults.swift */; };
		4D5EF29223492653009FDA07 /* DarkModeTableViewCell.swift in Sources */ = {isa = PBXBuildFile; fileRef = 4D5EF29123492653009FDA07 /* DarkModeTableViewCell.swift */; };
		4D5EF296234926A5009FDA07 /* SettingsTableViewController.swift in Sources */ = {isa = PBXBuildFile; fileRef = 4D5EF295234926A5009FDA07 /* SettingsTableViewController.swift */; };
		4D6AFFA72347C53F00B5D472 /* PersistanceHelper.swift in Sources */ = {isa = PBXBuildFile; fileRef = 4D6AFFA62347C53F00B5D472 /* PersistanceHelper.swift */; };
		4D6AFFA92347C64A00B5D472 /* PhotoInfo.swift in Sources */ = {isa = PBXBuildFile; fileRef = 4D6AFFA82347C64A00B5D472 /* PhotoInfo.swift */; };
		4D6AFFAB2347C94A00B5D472 /* PhotoInfoPersistance.swift in Sources */ = {isa = PBXBuildFile; fileRef = 4D6AFFAA2347C94A00B5D472 /* PhotoInfoPersistance.swift */; };
		4D6AFFAD2347D1A000B5D472 /* PhotoEntryCollectionViewCell.swift in Sources */ = {isa = PBXBuildFile; fileRef = 4D6AFFAC2347D1A000B5D472 /* PhotoEntryCollectionViewCell.swift */; };
		4D6AFFAF2347EA9800B5D472 /* Protocols.swift in Sources */ = {isa = PBXBuildFile; fileRef = 4D6AFFAE2347EA9800B5D472 /* Protocols.swift */; };
		4DE519C92343E0C7005097C3 /* AppDelegate.swift in Sources */ = {isa = PBXBuildFile; fileRef = 4DE519C82343E0C7005097C3 /* AppDelegate.swift */; };
		4DE519CB2343E0C7005097C3 /* SceneDelegate.swift in Sources */ = {isa = PBXBuildFile; fileRef = 4DE519CA2343E0C7005097C3 /* SceneDelegate.swift */; };
		4DE519CD2343E0C7005097C3 /* ViewController.swift in Sources */ = {isa = PBXBuildFile; fileRef = 4DE519CC2343E0C7005097C3 /* ViewController.swift */; };
		4DE519D02343E0C7005097C3 /* Main.storyboard in Resources */ = {isa = PBXBuildFile; fileRef = 4DE519CE2343E0C7005097C3 /* Main.storyboard */; };
		4DE519D22343E0C8005097C3 /* Assets.xcassets in Resources */ = {isa = PBXBuildFile; fileRef = 4DE519D12343E0C8005097C3 /* Assets.xcassets */; };
		4DE519D52343E0C8005097C3 /* LaunchScreen.storyboard in Resources */ = {isa = PBXBuildFile; fileRef = 4DE519D32343E0C8005097C3 /* LaunchScreen.storyboard */; };
		4DE519E02343E0C9005097C3 /* PhotoJournalTests.swift in Sources */ = {isa = PBXBuildFile; fileRef = 4DE519DF2343E0C9005097C3 /* PhotoJournalTests.swift */; };
		4DE519EF2343F669005097C3 /* PhotoJournalViewController.swift in Sources */ = {isa = PBXBuildFile; fileRef = 4DE519EE2343F669005097C3 /* PhotoJournalViewController.swift */; };
		4DE519F12343F67B005097C3 /* AddPhotoViewController.swift in Sources */ = {isa = PBXBuildFile; fileRef = 4DE519F02343F67B005097C3 /* AddPhotoViewController.swift */; };
/* End PBXBuildFile section */

/* Begin PBXContainerItemProxy section */
		4DE519DC2343E0C9005097C3 /* PBXContainerItemProxy */ = {
			isa = PBXContainerItemProxy;
			containerPortal = 4DE519BD2343E0C7005097C3 /* Project object */;
			proxyType = 1;
			remoteGlobalIDString = 4DE519C42343E0C7005097C3;
			remoteInfo = PhotoJournal;
		};
/* End PBXContainerItemProxy section */

/* Begin PBXFileReference section */
		4D4B072D2349371000FD8806 /* ScrollTableViewCell.swift */ = {isa = PBXFileReference; lastKnownFileType = sourcecode.swift; path = ScrollTableViewCell.swift; sourceTree = "<group>"; };
		4D5EF28B23491315009FDA07 /* AddOrEdit.swift */ = {isa = PBXFileReference; lastKnownFileType = sourcecode.swift; path = AddOrEdit.swift; sourceTree = "<group>"; };
		4D5EF28D23491B83009FDA07 /* UserDefaults.swift */ = {isa = PBXFileReference; lastKnownFileType = sourcecode.swift; path = UserDefaults.swift; sourceTree = "<group>"; };
		4D5EF29123492653009FDA07 /* DarkModeTableViewCell.swift */ = {isa = PBXFileReference; lastKnownFileType = sourcecode.swift; path = DarkModeTableViewCell.swift; sourceTree = "<group>"; };
		4D5EF295234926A5009FDA07 /* SettingsTableViewController.swift */ = {isa = PBXFileReference; lastKnownFileType = sourcecode.swift; path = SettingsTableViewController.swift; sourceTree = "<group>"; };
		4D6AFFA62347C53F00B5D472 /* PersistanceHelper.swift */ = {isa = PBXFileReference; lastKnownFileType = sourcecode.swift; path = PersistanceHelper.swift; sourceTree = "<group>"; };
		4D6AFFA82347C64A00B5D472 /* PhotoInfo.swift */ = {isa = PBXFileReference; lastKnownFileType = sourcecode.swift; path = PhotoInfo.swift; sourceTree = "<group>"; };
		4D6AFFAA2347C94A00B5D472 /* PhotoInfoPersistance.swift */ = {isa = PBXFileReference; lastKnownFileType = sourcecode.swift; path = PhotoInfoPersistance.swift; sourceTree = "<group>"; };
		4D6AFFAC2347D1A000B5D472 /* PhotoEntryCollectionViewCell.swift */ = {isa = PBXFileReference; lastKnownFileType = sourcecode.swift; path = PhotoEntryCollectionViewCell.swift; sourceTree = "<group>"; };
		4D6AFFAE2347EA9800B5D472 /* Protocols.swift */ = {isa = PBXFileReference; lastKnownFileType = sourcecode.swift; path = Protocols.swift; sourceTree = "<group>"; };
		4DE519C52343E0C7005097C3 /* PhotoJournal.app */ = {isa = PBXFileReference; explicitFileType = wrapper.application; includeInIndex = 0; path = PhotoJournal.app; sourceTree = BUILT_PRODUCTS_DIR; };
		4DE519C82343E0C7005097C3 /* AppDelegate.swift */ = {isa = PBXFileReference; lastKnownFileType = sourcecode.swift; path = AppDelegate.swift; sourceTree = "<group>"; };
		4DE519CA2343E0C7005097C3 /* SceneDelegate.swift */ = {isa = PBXFileReference; lastKnownFileType = sourcecode.swift; path = SceneDelegate.swift; sourceTree = "<group>"; };
		4DE519CC2343E0C7005097C3 /* ViewController.swift */ = {isa = PBXFileReference; lastKnownFileType = sourcecode.swift; path = ViewController.swift; sourceTree = "<group>"; };
		4DE519CF2343E0C7005097C3 /* Base */ = {isa = PBXFileReference; lastKnownFileType = file.storyboard; name = Base; path = Base.lproj/Main.storyboard; sourceTree = "<group>"; };
		4DE519D12343E0C8005097C3 /* Assets.xcassets */ = {isa = PBXFileReference; lastKnownFileType = folder.assetcatalog; path = Assets.xcassets; sourceTree = "<group>"; };
		4DE519D42343E0C8005097C3 /* Base */ = {isa = PBXFileReference; lastKnownFileType = file.storyboard; name = Base; path = Base.lproj/LaunchScreen.storyboard; sourceTree = "<group>"; };
		4DE519D62343E0C8005097C3 /* Info.plist */ = {isa = PBXFileReference; lastKnownFileType = text.plist.xml; path = Info.plist; sourceTree = "<group>"; };
		4DE519DB2343E0C9005097C3 /* PhotoJournalTests.xctest */ = {isa = PBXFileReference; explicitFileType = wrapper.cfbundle; includeInIndex = 0; path = PhotoJournalTests.xctest; sourceTree = BUILT_PRODUCTS_DIR; };
		4DE519DF2343E0C9005097C3 /* PhotoJournalTests.swift */ = {isa = PBXFileReference; lastKnownFileType = sourcecode.swift; path = PhotoJournalTests.swift; sourceTree = "<group>"; };
		4DE519E12343E0C9005097C3 /* Info.plist */ = {isa = PBXFileReference; lastKnownFileType = text.plist.xml; path = Info.plist; sourceTree = "<group>"; };
		4DE519EE2343F669005097C3 /* PhotoJournalViewController.swift */ = {isa = PBXFileReference; lastKnownFileType = sourcecode.swift; path = PhotoJournalViewController.swift; sourceTree = "<group>"; };
		4DE519F02343F67B005097C3 /* AddPhotoViewController.swift */ = {isa = PBXFileReference; lastKnownFileType = sourcecode.swift; path = AddPhotoViewController.swift; sourceTree = "<group>"; };
/* End PBXFileReference section */

/* Begin PBXFrameworksBuildPhase section */
		4DE519C22343E0C7005097C3 /* Frameworks */ = {
			isa = PBXFrameworksBuildPhase;
			buildActionMask = 2147483647;
			files = (
			);
			runOnlyForDeploymentPostprocessing = 0;
		};
		4DE519D82343E0C9005097C3 /* Frameworks */ = {
			isa = PBXFrameworksBuildPhase;
			buildActionMask = 2147483647;
			files = (
			);
			runOnlyForDeploymentPostprocessing = 0;
		};
/* End PBXFrameworksBuildPhase section */

/* Begin PBXGroup section */
		4DE519BC2343E0C7005097C3 = {
			isa = PBXGroup;
			children = (
				4DE519C72343E0C7005097C3 /* PhotoJournal */,
				4DE519DE2343E0C9005097C3 /* PhotoJournalTests */,
				4DE519C62343E0C7005097C3 /* Products */,
			);
			sourceTree = "<group>";
		};
		4DE519C62343E0C7005097C3 /* Products */ = {
			isa = PBXGroup;
			children = (
				4DE519C52343E0C7005097C3 /* PhotoJournal.app */,
				4DE519DB2343E0C9005097C3 /* PhotoJournalTests.xctest */,
			);
			name = Products;
			sourceTree = "<group>";
		};
		4DE519C72343E0C7005097C3 /* PhotoJournal */ = {
			isa = PBXGroup;
			children = (
				4DE519ED2343E159005097C3 /* Models */,
				4DE519EC2343E14F005097C3 /* Views */,
				4DE519EB2343E147005097C3 /* Controllers */,
				4DE519CE2343E0C7005097C3 /* Main.storyboard */,
				4DE519D12343E0C8005097C3 /* Assets.xcassets */,
				4DE519D62343E0C8005097C3 /* Info.plist */,
				4DE519EA2343E132005097C3 /* Supporting Files */,
			);
			path = PhotoJournal;
			sourceTree = "<group>";
		};
		4DE519DE2343E0C9005097C3 /* PhotoJournalTests */ = {
			isa = PBXGroup;
			children = (
				4DE519DF2343E0C9005097C3 /* PhotoJournalTests.swift */,
				4DE519E12343E0C9005097C3 /* Info.plist */,
			);
			path = PhotoJournalTests;
			sourceTree = "<group>";
		};
		4DE519EA2343E132005097C3 /* Supporting Files */ = {
			isa = PBXGroup;
			children = (
				4DE519C82343E0C7005097C3 /* AppDelegate.swift */,
				4DE519CA2343E0C7005097C3 /* SceneDelegate.swift */,
				4DE519D32343E0C8005097C3 /* LaunchScreen.storyboard */,
			);
			path = "Supporting Files";
			sourceTree = "<group>";
		};
		4DE519EB2343E147005097C3 /* Controllers */ = {
			isa = PBXGroup;
			children = (
				4DE519CC2343E0C7005097C3 /* ViewController.swift */,
				4DE519EE2343F669005097C3 /* PhotoJournalViewController.swift */,
				4DE519F02343F67B005097C3 /* AddPhotoViewController.swift */,
				4D5EF295234926A5009FDA07 /* SettingsTableViewController.swift */,
			);
			path = Controllers;
			sourceTree = "<group>";
		};
		4DE519EC2343E14F005097C3 /* Views */ = {
			isa = PBXGroup;
			children = (
				4D6AFFAC2347D1A000B5D472 /* PhotoEntryCollectionViewCell.swift */,
				4D5EF29123492653009FDA07 /* DarkModeTableViewCell.swift */,
				4D4B072D2349371000FD8806 /* ScrollTableViewCell.swift */,
			);
			path = Views;
			sourceTree = "<group>";
		};
		4DE519ED2343E159005097C3 /* Models */ = {
			isa = PBXGroup;
			children = (
				4D6AFFA62347C53F00B5D472 /* PersistanceHelper.swift */,
				4D6AFFAA2347C94A00B5D472 /* PhotoInfoPersistance.swift */,
				4D6AFFA82347C64A00B5D472 /* PhotoInfo.swift */,
				4D6AFFAE2347EA9800B5D472 /* Protocols.swift */,
				4D5EF28B23491315009FDA07 /* AddOrEdit.swift */,
				4D5EF28D23491B83009FDA07 /* UserDefaults.swift */,
			);
			path = Models;
			sourceTree = "<group>";
		};
/* End PBXGroup section */

/* Begin PBXNativeTarget section */
		4DE519C42343E0C7005097C3 /* PhotoJournal */ = {
			isa = PBXNativeTarget;
			buildConfigurationList = 4DE519E42343E0C9005097C3 /* Build configuration list for PBXNativeTarget "PhotoJournal" */;
			buildPhases = (
				4DE519C12343E0C7005097C3 /* Sources */,
				4DE519C22343E0C7005097C3 /* Frameworks */,
				4DE519C32343E0C7005097C3 /* Resources */,
			);
			buildRules = (
			);
			dependencies = (
			);
			name = PhotoJournal;
			productName = PhotoJournal;
			productReference = 4DE519C52343E0C7005097C3 /* PhotoJournal.app */;
			productType = "com.apple.product-type.application";
		};
		4DE519DA2343E0C9005097C3 /* PhotoJournalTests */ = {
			isa = PBXNativeTarget;
			buildConfigurationList = 4DE519E72343E0C9005097C3 /* Build configuration list for PBXNativeTarget "PhotoJournalTests" */;
			buildPhases = (
				4DE519D72343E0C9005097C3 /* Sources */,
				4DE519D82343E0C9005097C3 /* Frameworks */,
				4DE519D92343E0C9005097C3 /* Resources */,
			);
			buildRules = (
			);
			dependencies = (
				4DE519DD2343E0C9005097C3 /* PBXTargetDependency */,
			);
			name = PhotoJournalTests;
			productName = PhotoJournalTests;
			productReference = 4DE519DB2343E0C9005097C3 /* PhotoJournalTests.xctest */;
			productType = "com.apple.product-type.bundle.unit-test";
		};
/* End PBXNativeTarget section */

/* Begin PBXProject section */
		4DE519BD2343E0C7005097C3 /* Project object */ = {
			isa = PBXProject;
			attributes = {
				LastSwiftUpdateCheck = 1100;
				LastUpgradeCheck = 1100;
				ORGANIZATIONNAME = "Angela Garrovillas";
				TargetAttributes = {
					4DE519C42343E0C7005097C3 = {
						CreatedOnToolsVersion = 11.0;
					};
					4DE519DA2343E0C9005097C3 = {
						CreatedOnToolsVersion = 11.0;
						TestTargetID = 4DE519C42343E0C7005097C3;
					};
				};
			};
			buildConfigurationList = 4DE519C02343E0C7005097C3 /* Build configuration list for PBXProject "PhotoJournal" */;
			compatibilityVersion = "Xcode 9.3";
			developmentRegion = en;
			hasScannedForEncodings = 0;
			knownRegions = (
				en,
				Base,
			);
			mainGroup = 4DE519BC2343E0C7005097C3;
			productRefGroup = 4DE519C62343E0C7005097C3 /* Products */;
			projectDirPath = "";
			projectRoot = "";
			targets = (
				4DE519C42343E0C7005097C3 /* PhotoJournal */,
				4DE519DA2343E0C9005097C3 /* PhotoJournalTests */,
			);
		};
/* End PBXProject section */

/* Begin PBXResourcesBuildPhase section */
		4DE519C32343E0C7005097C3 /* Resources */ = {
			isa = PBXResourcesBuildPhase;
			buildActionMask = 2147483647;
			files = (
				4DE519D52343E0C8005097C3 /* LaunchScreen.storyboard in Resources */,
				4DE519D22343E0C8005097C3 /* Assets.xcassets in Resources */,
				4DE519D02343E0C7005097C3 /* Main.storyboard in Resources */,
			);
			runOnlyForDeploymentPostprocessing = 0;
		};
		4DE519D92343E0C9005097C3 /* Resources */ = {
			isa = PBXResourcesBuildPhase;
			buildActionMask = 2147483647;
			files = (
			);
			runOnlyForDeploymentPostprocessing = 0;
		};
/* End PBXResourcesBuildPhase section */

/* Begin PBXSourcesBuildPhase section */
		4DE519C12343E0C7005097C3 /* Sources */ = {
			isa = PBXSourcesBuildPhase;
			buildActionMask = 2147483647;
			files = (
				4D5EF29223492653009FDA07 /* DarkModeTableViewCell.swift in Sources */,
				4D6AFFA92347C64A00B5D472 /* PhotoInfo.swift in Sources */,
				4DE519CD2343E0C7005097C3 /* ViewController.swift in Sources */,
				4D6AFFAD2347D1A000B5D472 /* PhotoEntryCollectionViewCell.swift in Sources */,
				4DE519C92343E0C7005097C3 /* AppDelegate.swift in Sources */,
				4DE519F12343F67B005097C3 /* AddPhotoViewController.swift in Sources */,
				4D5EF296234926A5009FDA07 /* SettingsTableViewController.swift in Sources */,
				4D6AFFAF2347EA9800B5D472 /* Protocols.swift in Sources */,
				4D6AFFAB2347C94A00B5D472 /* PhotoInfoPersistance.swift in Sources */,
				4D4B072E2349371000FD8806 /* ScrollTableViewCell.swift in Sources */,
				4DE519EF2343F669005097C3 /* PhotoJournalViewController.swift in Sources */,
				4D5EF28E23491B83009FDA07 /* UserDefaults.swift in Sources */,
				4DE519CB2343E0C7005097C3 /* SceneDelegate.swift in Sources */,
				4D6AFFA72347C53F00B5D472 /* PersistanceHelper.swift in Sources */,
				4D5EF28C23491315009FDA07 /* AddOrEdit.swift in Sources */,
			);
			runOnlyForDeploymentPostprocessing = 0;
		};
		4DE519D72343E0C9005097C3 /* Sources */ = {
			isa = PBXSourcesBuildPhase;
			buildActionMask = 2147483647;
			files = (
				4D4B0731234A62A300FD8806 /* PhotoInfoPersistance.swift in Sources */,
				4D4B0732234A62AC00FD8806 /* UserDefaults.swift in Sources */,
				4D4B072F234A629E00FD8806 /* PhotoInfo.swift in Sources */,
				4DE519E02343E0C9005097C3 /* PhotoJournalTests.swift in Sources */,
				4D4B0730234A62A100FD8806 /* PersistanceHelper.swift in Sources */,
			);
			runOnlyForDeploymentPostprocessing = 0;
		};
/* End PBXSourcesBuildPhase section */

/* Begin PBXTargetDependency section */
		4DE519DD2343E0C9005097C3 /* PBXTargetDependency */ = {
			isa = PBXTargetDependency;
			target = 4DE519C42343E0C7005097C3 /* PhotoJournal */;
			targetProxy = 4DE519DC2343E0C9005097C3 /* PBXContainerItemProxy */;
		};
/* End PBXTargetDependency section */

/* Begin PBXVariantGroup section */
		4DE519CE2343E0C7005097C3 /* Main.storyboard */ = {
			isa = PBXVariantGroup;
			children = (
				4DE519CF2343E0C7005097C3 /* Base */,
			);
			name = Main.storyboard;
			sourceTree = "<group>";
		};
		4DE519D32343E0C8005097C3 /* LaunchScreen.storyboard */ = {
			isa = PBXVariantGroup;
			children = (
				4DE519D42343E0C8005097C3 /* Base */,
			);
			name = LaunchScreen.storyboard;
			sourceTree = "<group>";
		};
/* End PBXVariantGroup section */

/* Begin XCBuildConfiguration section */
		4DE519E22343E0C9005097C3 /* Debug */ = {
			isa = XCBuildConfiguration;
			buildSettings = {
				ALWAYS_SEARCH_USER_PATHS = NO;
				CLANG_ANALYZER_NONNULL = YES;
				CLANG_ANALYZER_NUMBER_OBJECT_CONVERSION = YES_AGGRESSIVE;
				CLANG_CXX_LANGUAGE_STANDARD = "gnu++14";
				CLANG_CXX_LIBRARY = "libc++";
				CLANG_ENABLE_MODULES = YES;
				CLANG_ENABLE_OBJC_ARC = YES;
				CLANG_ENABLE_OBJC_WEAK = YES;
				CLANG_WARN_BLOCK_CAPTURE_AUTORELEASING = YES;
				CLANG_WARN_BOOL_CONVERSION = YES;
				CLANG_WARN_COMMA = YES;
				CLANG_WARN_CONSTANT_CONVERSION = YES;
				CLANG_WARN_DEPRECATED_OBJC_IMPLEMENTATIONS = YES;
				CLANG_WARN_DIRECT_OBJC_ISA_USAGE = YES_ERROR;
				CLANG_WARN_DOCUMENTATION_COMMENTS = YES;
				CLANG_WARN_EMPTY_BODY = YES;
				CLANG_WARN_ENUM_CONVERSION = YES;
				CLANG_WARN_INFINITE_RECURSION = YES;
				CLANG_WARN_INT_CONVERSION = YES;
				CLANG_WARN_NON_LITERAL_NULL_CONVERSION = YES;
				CLANG_WARN_OBJC_IMPLICIT_RETAIN_SELF = YES;
				CLANG_WARN_OBJC_LITERAL_CONVERSION = YES;
				CLANG_WARN_OBJC_ROOT_CLASS = YES_ERROR;
				CLANG_WARN_RANGE_LOOP_ANALYSIS = YES;
				CLANG_WARN_STRICT_PROTOTYPES = YES;
				CLANG_WARN_SUSPICIOUS_MOVE = YES;
				CLANG_WARN_UNGUARDED_AVAILABILITY = YES_AGGRESSIVE;
				CLANG_WARN_UNREACHABLE_CODE = YES;
				CLANG_WARN__DUPLICATE_METHOD_MATCH = YES;
				COPY_PHASE_STRIP = NO;
				DEBUG_INFORMATION_FORMAT = dwarf;
				ENABLE_STRICT_OBJC_MSGSEND = YES;
				ENABLE_TESTABILITY = YES;
				GCC_C_LANGUAGE_STANDARD = gnu11;
				GCC_DYNAMIC_NO_PIC = NO;
				GCC_NO_COMMON_BLOCKS = YES;
				GCC_OPTIMIZATION_LEVEL = 0;
				GCC_PREPROCESSOR_DEFINITIONS = (
					"DEBUG=1",
					"$(inherited)",
				);
				GCC_WARN_64_TO_32_BIT_CONVERSION = YES;
				GCC_WARN_ABOUT_RETURN_TYPE = YES_ERROR;
				GCC_WARN_UNDECLARED_SELECTOR = YES;
				GCC_WARN_UNINITIALIZED_AUTOS = YES_AGGRESSIVE;
				GCC_WARN_UNUSED_FUNCTION = YES;
				GCC_WARN_UNUSED_VARIABLE = YES;
				IPHONEOS_DEPLOYMENT_TARGET = 13.0;
				MTL_ENABLE_DEBUG_INFO = INCLUDE_SOURCE;
				MTL_FAST_MATH = YES;
				ONLY_ACTIVE_ARCH = YES;
				SDKROOT = iphoneos;
				SWIFT_ACTIVE_COMPILATION_CONDITIONS = DEBUG;
				SWIFT_OPTIMIZATION_LEVEL = "-Onone";
			};
			name = Debug;
		};
		4DE519E32343E0C9005097C3 /* Release */ = {
			isa = XCBuildConfiguration;
			buildSettings = {
				ALWAYS_SEARCH_USER_PATHS = NO;
				CLANG_ANALYZER_NONNULL = YES;
				CLANG_ANALYZER_NUMBER_OBJECT_CONVERSION = YES_AGGRESSIVE;
				CLANG_CXX_LANGUAGE_STANDARD = "gnu++14";
				CLANG_CXX_LIBRARY = "libc++";
				CLANG_ENABLE_MODULES = YES;
				CLANG_ENABLE_OBJC_ARC = YES;
				CLANG_ENABLE_OBJC_WEAK = YES;
				CLANG_WARN_BLOCK_CAPTURE_AUTORELEASING = YES;
				CLANG_WARN_BOOL_CONVERSION = YES;
				CLANG_WARN_COMMA = YES;
				CLANG_WARN_CONSTANT_CONVERSION = YES;
				CLANG_WARN_DEPRECATED_OBJC_IMPLEMENTATIONS = YES;
				CLANG_WARN_DIRECT_OBJC_ISA_USAGE = YES_ERROR;
				CLANG_WARN_DOCUMENTATION_COMMENTS = YES;
				CLANG_WARN_EMPTY_BODY = YES;
				CLANG_WARN_ENUM_CONVERSION = YES;
				CLANG_WARN_INFINITE_RECURSION = YES;
				CLANG_WARN_INT_CONVERSION = YES;
				CLANG_WARN_NON_LITERAL_NULL_CONVERSION = YES;
				CLANG_WARN_OBJC_IMPLICIT_RETAIN_SELF = YES;
				CLANG_WARN_OBJC_LITERAL_CONVERSION = YES;
				CLANG_WARN_OBJC_ROOT_CLASS = YES_ERROR;
				CLANG_WARN_RANGE_LOOP_ANALYSIS = YES;
				CLANG_WARN_STRICT_PROTOTYPES = YES;
				CLANG_WARN_SUSPICIOUS_MOVE = YES;
				CLANG_WARN_UNGUARDED_AVAILABILITY = YES_AGGRESSIVE;
				CLANG_WARN_UNREACHABLE_CODE = YES;
				CLANG_WARN__DUPLICATE_METHOD_MATCH = YES;
				COPY_PHASE_STRIP = NO;
				DEBUG_INFORMATION_FORMAT = "dwarf-with-dsym";
				ENABLE_NS_ASSERTIONS = NO;
				ENABLE_STRICT_OBJC_MSGSEND = YES;
				GCC_C_LANGUAGE_STANDARD = gnu11;
				GCC_NO_COMMON_BLOCKS = YES;
				GCC_WARN_64_TO_32_BIT_CONVERSION = YES;
				GCC_WARN_ABOUT_RETURN_TYPE = YES_ERROR;
				GCC_WARN_UNDECLARED_SELECTOR = YES;
				GCC_WARN_UNINITIALIZED_AUTOS = YES_AGGRESSIVE;
				GCC_WARN_UNUSED_FUNCTION = YES;
				GCC_WARN_UNUSED_VARIABLE = YES;
				IPHONEOS_DEPLOYMENT_TARGET = 13.0;
				MTL_ENABLE_DEBUG_INFO = NO;
				MTL_FAST_MATH = YES;
				SDKROOT = iphoneos;
				SWIFT_COMPILATION_MODE = wholemodule;
				SWIFT_OPTIMIZATION_LEVEL = "-O";
				VALIDATE_PRODUCT = YES;
			};
			name = Release;
		};
		4DE519E52343E0C9005097C3 /* Debug */ = {
			isa = XCBuildConfiguration;
			buildSettings = {
				ASSETCATALOG_COMPILER_APPICON_NAME = AppIcon;
				CODE_SIGN_STYLE = Automatic;
				INFOPLIST_FILE = PhotoJournal/Info.plist;
				LD_RUNPATH_SEARCH_PATHS = (
					"$(inherited)",
					"@executable_path/Frameworks",
				);
				PRODUCT_BUNDLE_IDENTIFIER = flPafRsnOsJ.PhotoJournal;
				PRODUCT_NAME = "$(TARGET_NAME)";
				SWIFT_VERSION = 5.0;
				TARGETED_DEVICE_FAMILY = "1,2";
			};
			name = Debug;
		};
		4DE519E62343E0C9005097C3 /* Release */ = {
			isa = XCBuildConfiguration;
			buildSettings = {
				ASSETCATALOG_COMPILER_APPICON_NAME = AppIcon;
				CODE_SIGN_STYLE = Automatic;
				INFOPLIST_FILE = PhotoJournal/Info.plist;
				LD_RUNPATH_SEARCH_PATHS = (
					"$(inherited)",
					"@executable_path/Frameworks",
				);
				PRODUCT_BUNDLE_IDENTIFIER = flPafRsnOsJ.PhotoJournal;
				PRODUCT_NAME = "$(TARGET_NAME)";
				SWIFT_VERSION = 5.0;
				TARGETED_DEVICE_FAMILY = "1,2";
			};
			name = Release;
		};
		4DE519E82343E0C9005097C3 /* Debug */ = {
			isa = XCBuildConfiguration;
			buildSettings = {
				ALWAYS_EMBED_SWIFT_STANDARD_LIBRARIES = YES;
				BUNDLE_LOADER = "$(TEST_HOST)";
				CODE_SIGN_STYLE = Automatic;
				INFOPLIST_FILE = PhotoJournalTests/Info.plist;
				IPHONEOS_DEPLOYMENT_TARGET = 13.0;
				LD_RUNPATH_SEARCH_PATHS = (
					"$(inherited)",
					"@executable_path/Frameworks",
					"@loader_path/Frameworks",
				);
				PRODUCT_BUNDLE_IDENTIFIER = flPafRsnOsJ.PhotoJournalTests;
				PRODUCT_NAME = "$(TARGET_NAME)";
				SWIFT_VERSION = 5.0;
				TARGETED_DEVICE_FAMILY = "1,2";
				TEST_HOST = "$(BUILT_PRODUCTS_DIR)/PhotoJournal.app/PhotoJournal";
			};
			name = Debug;
		};
		4DE519E92343E0C9005097C3 /* Release */ = {
			isa = XCBuildConfiguration;
			buildSettings = {
				ALWAYS_EMBED_SWIFT_STANDARD_LIBRARIES = YES;
				BUNDLE_LOADER = "$(TEST_HOST)";
				CODE_SIGN_STYLE = Automatic;
				INFOPLIST_FILE = PhotoJournalTests/Info.plist;
				IPHONEOS_DEPLOYMENT_TARGET = 13.0;
				LD_RUNPATH_SEARCH_PATHS = (
					"$(inherited)",
					"@executable_path/Frameworks",
					"@loader_path/Frameworks",
				);
				PRODUCT_BUNDLE_IDENTIFIER = flPafRsnOsJ.PhotoJournalTests;
				PRODUCT_NAME = "$(TARGET_NAME)";
				SWIFT_VERSION = 5.0;
				TARGETED_DEVICE_FAMILY = "1,2";
				TEST_HOST = "$(BUILT_PRODUCTS_DIR)/PhotoJournal.app/PhotoJournal";
			};
			name = Release;
		};
/* End XCBuildConfiguration section */

/* Begin XCConfigurationList section */
		4DE519C02343E0C7005097C3 /* Build configuration list for PBXProject "PhotoJournal" */ = {
			isa = XCConfigurationList;
			buildConfigurations = (
				4DE519E22343E0C9005097C3 /* Debug */,
				4DE519E32343E0C9005097C3 /* Release */,
			);
			defaultConfigurationIsVisible = 0;
			defaultConfigurationName = Release;
		};
		4DE519E42343E0C9005097C3 /* Build configuration list for PBXNativeTarget "PhotoJournal" */ = {
			isa = XCConfigurationList;
			buildConfigurations = (
				4DE519E52343E0C9005097C3 /* Debug */,
				4DE519E62343E0C9005097C3 /* Release */,
			);
			defaultConfigurationIsVisible = 0;
			defaultConfigurationName = Release;
		};
		4DE519E72343E0C9005097C3 /* Build configuration list for PBXNativeTarget "PhotoJournalTests" */ = {
			isa = XCConfigurationList;
			buildConfigurations = (
				4DE519E82343E0C9005097C3 /* Debug */,
				4DE519E92343E0C9005097C3 /* Release */,
			);
			defaultConfigurationIsVisible = 0;
			defaultConfigurationName = Release;
		};
/* End XCConfigurationList section */
	};
	rootObject = 4DE519BD2343E0C7005097C3 /* Project object */;
}
